
Microsoft Visual Studio Solution File, Format Version 12.00
# Visual Studio Version 16
VisualStudioVersion = 16.0.30523.141
MinimumVisualStudioVersion = 10.0.40219.1
Project("{9A19103F-16F7-4668-BE54-9A1E7A4F7556}") = "learning", "learning\learning.csproj", "{4BF9CB49-BFC3-44F3-A38C-3A4A1461752B}"
EndProject
Project("{FAE04EC0-301F-11D3-BF4B-00C04F79EFBC}") = "Class", "Class\Class.csproj", "{339263C2-0EA4-4D5A-A0D2-02307BEC2121}"
EndProject
Global
	GlobalSection(SolutionConfigurationPlatforms) = preSolution
		Debug|Any CPU = Debug|Any CPU
		Release|Any CPU = Release|Any CPU
	EndGlobalSection
	GlobalSection(ProjectConfigurationPlatforms) = postSolution
		{4BF9CB49-BFC3-44F3-A38C-3A4A1461752B}.Debug|Any CPU.ActiveCfg = Debug|Any CPU
		{4BF9CB49-BFC3-44F3-A38C-3A4A1461752B}.Debug|Any CPU.Build.0 = Debug|Any CPU
		{4BF9CB49-BFC3-44F3-A38C-3A4A1461752B}.Release|Any CPU.ActiveCfg = Release|Any CPU
		{4BF9CB49-BFC3-44F3-A38C-3A4A1461752B}.Release|Any CPU.Build.0 = Release|Any CPU
		{339263C2-0EA4-4D5A-A0D2-02307BEC2121}.Debug|Any CPU.ActiveCfg = Debug|Any CPU
		{339263C2-0EA4-4D5A-A0D2-02307BEC2121}.Debug|Any CPU.Build.0 = Debug|Any CPU
		{339263C2-0EA4-4D5A-A0D2-02307BEC2121}.Release|Any CPU.ActiveCfg = Release|Any CPU
		{339263C2-0EA4-4D5A-A0D2-02307BEC2121}.Release|Any CPU.Build.0 = Release|Any CPU
	EndGlobalSection
	GlobalSection(SolutionProperties) = preSolution
		HideSolutionNode = FALSE
	EndGlobalSection
	GlobalSection(ExtensibilityGlobals) = postSolution
		SolutionGuid = {0A8F934C-06A6-473A-927C-BDEC155EE657}
	EndGlobalSection
EndGlobal
